PackratFormat: 1.4
PackratVersion: 0.5.0
RVersion: 4.0.2
Repos: CRAN=https://cran.rstudio.com/

Package: BH
Source: CRAN
Version: 1.72.0-3

Package: DBI
Source: CRAN
Version: 1.1.0
Hash: d1075050684753e939c45775617c8f38

Package: R6
Source: CRAN
Version: 2.4.1
Hash: b488861d8c3dfac497e041ec911df9fb

Package: RColorBrewer
Source: CRAN
Version: 1.1-2
Hash: c0d56cd15034f395874c870141870c25

Package: Rcpp
Source: CRAN
Version: 1.0.5
Hash: f6e400231df42179d6ce8fb35e52bf3f

Package: RcppArmadillo
Source: CRAN
Version: 0.9.900.2.0
Requires: Rcpp

Package: RcppParallel
Source: CRAN
Version: 5.0.2

Package: XML
Source: CRAN
Version: 3.99-0.5
Hash: 4d72b5b21762d6ddd4fe0f1db77a51f0

Package: assertthat
Source: CRAN
Version: 0.2.1
Hash: 622be49032fe50bd42e96aaef613e209

Package: backports
Source: CRAN
Version: 1.1.8
Hash: df2d529bbe7276f6280a5811eb4877b2

Package: callr
Source: CRAN
Version: 3.4.3
Requires: R6, processx
Hash: e9b50bc56e655025fde6f2f4b65154de

Package: classInt
Source: CRAN
Version: 0.4-3
Requires: e1071
Hash: 40f1a7fc0254fffd9bf6e5ee046de859

Package: cli
Source: CRAN
Version: 2.0.2
Requires: assertthat, crayon, fansi, glue
Hash: 6fc0b39f0fdbe3a025062807019e1180

Package: clipr
Source: CRAN
Version: 0.7.0

Package: colorspace
Source: CRAN
Version: 1.4-1
Hash: 60a56e9998b8b58ee378db3dc91b27a5

Package: crayon
Source: CRAN
Version: 1.3.4
Hash: ff2840dd9b0d563fc80377a5a45510cd

Package: data.table
Source: CRAN
Version: 1.13.0
Hash: 7ac8e8514f185a5415ecc95ccbc50e1a

Package: desc
Source: CRAN
Version: 1.2.0
Requires: R6, assertthat, crayon, rprojroot
Hash: a0a3ca939997679a52816bae4ed6aaae

Package: digest
Source: CRAN
Version: 0.6.25
Hash: ec0a673866797c8c1fc1daa359fb4cad

Package: dplyr
Source: CRAN
Version: 1.0.0
Requires: R6, ellipsis, generics, glue, lifecycle, magrittr, rlang,
    tibble, tidyselect, vctrs
Hash: 4db17ac7cad6ce9c544dc8fc9709a75b

Package: e1071
Source: CRAN
Version: 1.7-3
Hash: f851e9de06edec144aa7d996bbf32538

Package: ellipsis
Source: CRAN
Version: 0.3.1
Requires: rlang
Hash: b294fcc92985c6235df03c1c34f25e99

Package: evaluate
Source: CRAN
Version: 0.14
Hash: 18306cc3bc1aec7b7360eea8a0eb0ee1

Package: expm
Source: CRAN
Version: 0.999-5

Package: fansi
Source: CRAN
Version: 0.4.1
Hash: fc0a252b8e427847d13e89f56ab4665e

Package: farver
Source: CRAN
Version: 2.0.3
Hash: 29a358c21cb8de2e424cbec6b6be6553

Package: forcats
Source: CRAN
Version: 0.5.0
Requires: ellipsis, magrittr, rlang, tibble

Package: generics
Source: CRAN
Version: 0.0.2
Hash: 4aaf002dd434e8c854611c5d11a1d58e

Package: ggplot2
Source: CRAN
Version: 3.3.2
Requires: digest, glue, gtable, isoband, rlang, scales, tibble, withr
Hash: e5836c08c1243c1fc26608f708fc1d8c

Package: glue
Source: CRAN
Version: 1.4.1
Hash: 740ccee1066d96aeb3f4d1e571245913

Package: gtable
Source: CRAN
Version: 0.3.0
Hash: a9e7b0666eb933a0cb36779240b4462e

Package: haven
Source: CRAN
Version: 2.3.1
Requires: Rcpp, rlang, tibble, tidyselect, vctrs, forcats, hms, readr

Package: hms
Source: CRAN
Version: 0.5.3
Requires: pkgconfig, rlang, vctrs

Package: igraph
Source: CRAN
Version: 1.2.5
Requires: magrittr, pkgconfig
Hash: 56cd6b00fa9864975f6678b4d1a46b50

Package: isoband
Source: CRAN
Version: 0.2.2
Requires: testthat
Hash: 2264002205b89ba462ceb55c6edad2ea

Package: labeling
Source: CRAN
Version: 0.3
Hash: ecf589b42cd284b03a4beb9665482d3e

Package: lifecycle
Source: CRAN
Version: 0.2.0
Requires: glue, rlang
Hash: df8649860c43571aab68cc73a2a02807

Package: magrittr
Source: CRAN
Version: 1.5
Hash: bdc4d48c3135e8f3b399536ddf160df4

Package: markovchain
Source: CRAN
Version: 0.8.5
Requires: Rcpp, igraph, RcppArmadillo, RcppParallel, expm, matlab

Package: matlab
Source: CRAN
Version: 1.0.2

Package: munsell
Source: CRAN
Version: 0.5.0
Requires: colorspace
Hash: 38d0efee9bb99bef143bde41c4ce715c

Package: packrat
Source: CRAN
Version: 0.5.0
Hash: 498643e765d1442ba7b1160a1df3abf9

Package: pillar
Source: CRAN
Version: 1.4.6
Requires: cli, crayon, ellipsis, fansi, lifecycle, rlang, utf8, vctrs
Hash: 6704b42ab2ee962d6ea8f21266b52997

Package: pkgbuild
Source: CRAN
Version: 1.1.0
Requires: R6, callr, cli, crayon, desc, prettyunits, rprojroot, withr
Hash: 3627518e6ba9330b1318a1b8cd213951

Package: pkgconfig
Source: CRAN
Version: 2.0.3
Hash: 5ff5f2361851a49534c96caa2a8071c7

Package: pkgload
Source: CRAN
Version: 1.1.0
Requires: cli, crayon, desc, pkgbuild, rlang, rprojroot, rstudioapi,
    withr
Hash: a65ac8a100a65cff8e5e4a122d2a51af

Package: plyr
Source: CRAN
Version: 1.8.6
Requires: Rcpp
Hash: 843fdf947862e66a51fc94b930519abc

Package: praise
Source: CRAN
Version: 1.0.0
Hash: 77da8f1df873a4b91e5c4a68fe2fb1b6

Package: prettyunits
Source: CRAN
Version: 1.1.1
Hash: 20669cd8bb8b3207f6371edf8cf510af

Package: processx
Source: CRAN
Version: 3.4.3
Requires: R6, ps
Hash: 7bfe7314749a60dfaf93985b6e541e24

Package: ps
Source: CRAN
Version: 1.3.3
Hash: 017cf9da2d29e4134b5e3e58176a87ad

Package: purrr
Source: CRAN
Version: 0.3.4
Requires: magrittr, rlang
Hash: fb4c0edca61826ca0b5b33c828a7b276

Package: readr
Source: CRAN
Version: 1.3.1
Requires: R6, Rcpp, crayon, tibble, BH, clipr, hms

Package: reshape2
Source: CRAN
Version: 1.4.4
Requires: Rcpp, plyr, stringr
Hash: 7523bbd6a9f0e07c701adf4e1365bd7b

Package: rlang
Source: CRAN
Version: 0.4.7
Hash: 99d4f4d35ed6991498e7f6c5df8c8ca8

Package: rprojroot
Source: CRAN
Version: 1.3-2
Requires: backports
Hash: a25c3f70c166fb3fbabc410eb32b6366

Package: rstudioapi
Source: CRAN
Version: 0.11
Hash: f8674fe40760ccfc1bf3e92da4c9f4d0

Package: scales
Source: CRAN
Version: 1.1.1
Requires: R6, RColorBrewer, farver, labeling, lifecycle, munsell,
    viridisLite
Hash: b67ae9f62ecb8912751eb664055d8f8a

Package: sf
Source: CRAN
Version: 0.9-5
Requires: DBI, Rcpp, classInt, magrittr, units
Hash: 4a06fbfc2a7ad1f5e030774302e62f2b

Package: stringi
Source: CRAN
Version: 1.4.6
Hash: 076b0f115b37ca6d551ccff96b91114e

Package: stringr
Source: CRAN
Version: 1.4.0
Requires: glue, magrittr, stringi
Hash: 67da32dbb2a7a16f2ef124336358e54a

Package: testthat
Source: CRAN
Version: 2.3.2
Requires: R6, cli, crayon, digest, ellipsis, evaluate, magrittr,
    pkgload, praise, rlang, withr
Hash: 5a3a20ddc31b2aa228dab6d29bd43948

Package: tibble
Source: CRAN
Version: 3.0.3
Requires: cli, crayon, ellipsis, fansi, lifecycle, magrittr, pillar,
    pkgconfig, rlang, vctrs
Hash: 0f09f15d866589a54943e022b5498859

Package: tidyselect
Source: CRAN
Version: 1.1.0
Requires: ellipsis, glue, purrr, rlang, vctrs
Hash: 1c7cea9ea925b701a93f378ec7233ee1

Package: units
Source: CRAN
Version: 0.6-7
Requires: Rcpp
Hash: aad892b946600c6f5b77ef2c655b9315

Package: utf8
Source: CRAN
Version: 1.1.4
Hash: f3f97ce59092abc8ed3fd098a59e236c

Package: vctrs
Source: CRAN
Version: 0.3.2
Requires: digest, ellipsis, glue, rlang
Hash: b72d9cb38f3d19d2d28475ec8860e469

Package: viridisLite
Source: CRAN
Version: 0.3.0
Hash: 78bb072c4f9e729a283d4c40ec93f9c6

Package: withr
Source: CRAN
Version: 2.2.0
Hash: 709a3da4deef928ab299f4ff52caf66b
